
Microsoft Visual Studio Solution File, Format Version 12.00
# Visual Studio Version 17
VisualStudioVersion = 17.0.32112.339
MinimumVisualStudioVersion = 10.0.40219.1
Project("{FAE04EC0-301F-11D3-BF4B-00C04F79EFBC}") = "Cockpit-Menplan", "Cockpit-Menplan\Cockpit-Menplan.csproj", "{EBF9401C-3CD3-428A-B3C8-C5FCA107DFA9}"
EndProject
Global
	GlobalSection(SolutionConfigurationPlatforms) = preSolution
		Debug|Any CPU = Debug|Any CPU
		Release|Any CPU = Release|Any CPU
	EndGlobalSection
	GlobalSection(ProjectConfigurationPlatforms) = postSolution
		{EBF9401C-3CD3-428A-B3C8-C5FCA107DFA9}.Debug|Any CPU.ActiveCfg = Debug|Any CPU
		{EBF9401C-3CD3-428A-B3C8-C5FCA107DFA9}.Debug|Any CPU.Build.0 = Debug|Any CPU
		{EBF9401C-3CD3-428A-B3C8-C5FCA107DFA9}.Release|Any CPU.ActiveCfg = Release|Any CPU
		{EBF9401C-3CD3-428A-B3C8-C5FCA107DFA9}.Release|Any CPU.Build.0 = Release|Any CPU
	EndGlobalSection
	GlobalSection(SolutionProperties) = preSolution
		HideSolutionNode = FALSE
	EndGlobalSection
	GlobalSection(ExtensibilityGlobals) = postSolution
		SolutionGuid = {6786A850-742F-4BD3-B3EA-6A84D7E29759}
	EndGlobalSection
EndGlobal
